
Microsoft Visual Studio Solution File, Format Version 12.00
# Visual Studio Version 16
VisualStudioVersion = 16.0.30011.22
MinimumVisualStudioVersion = 10.0.40219.1
Project("{FAE04EC0-301F-11D3-BF4B-00C04F79EFBC}") = "PC_Components", "PC_Components\PC_Components.csproj", "{EA035FC6-22F6-4022-8136-2CEBB69A6309}"
EndProject
Project("{FAE04EC0-301F-11D3-BF4B-00C04F79EFBC}") = "ConfiguratorPC", "ConfiguratorPC\ConfiguratorPC.csproj", "{03B7070C-C5A7-4945-ADDC-32B7088860D5}"
EndProject
Project("{FAE04EC0-301F-11D3-BF4B-00C04F79EFBC}") = "SuperParser", "SuperParser-1\SuperParser\SuperParser\SuperParser.csproj", "{047F6949-08AB-4E9E-85AD-E4392AF56005}"
EndProject
Global
	GlobalSection(SolutionConfigurationPlatforms) = preSolution
		Debug|Any CPU = Debug|Any CPU
		Release|Any CPU = Release|Any CPU
	EndGlobalSection
	GlobalSection(ProjectConfigurationPlatforms) = postSolution
		{EA035FC6-22F6-4022-8136-2CEBB69A6309}.Debug|Any CPU.ActiveCfg = Debug|Any CPU
		{EA035FC6-22F6-4022-8136-2CEBB69A6309}.Debug|Any CPU.Build.0 = Debug|Any CPU
		{EA035FC6-22F6-4022-8136-2CEBB69A6309}.Release|Any CPU.ActiveCfg = Release|Any CPU
		{EA035FC6-22F6-4022-8136-2CEBB69A6309}.Release|Any CPU.Build.0 = Release|Any CPU
		{03B7070C-C5A7-4945-ADDC-32B7088860D5}.Debug|Any CPU.ActiveCfg = Debug|Any CPU
		{03B7070C-C5A7-4945-ADDC-32B7088860D5}.Debug|Any CPU.Build.0 = Debug|Any CPU
		{03B7070C-C5A7-4945-ADDC-32B7088860D5}.Release|Any CPU.ActiveCfg = Release|Any CPU
		{03B7070C-C5A7-4945-ADDC-32B7088860D5}.Release|Any CPU.Build.0 = Release|Any CPU
		{047F6949-08AB-4E9E-85AD-E4392AF56005}.Debug|Any CPU.ActiveCfg = Debug|Any CPU
		{047F6949-08AB-4E9E-85AD-E4392AF56005}.Debug|Any CPU.Build.0 = Debug|Any CPU
		{047F6949-08AB-4E9E-85AD-E4392AF56005}.Release|Any CPU.ActiveCfg = Release|Any CPU
		{047F6949-08AB-4E9E-85AD-E4392AF56005}.Release|Any CPU.Build.0 = Release|Any CPU
	EndGlobalSection
	GlobalSection(SolutionProperties) = preSolution
		HideSolutionNode = FALSE
	EndGlobalSection
	GlobalSection(ExtensibilityGlobals) = postSolution
		SolutionGuid = {59092E83-1AF7-43B6-BA2C-B05FDD35D058}
	EndGlobalSection
EndGlobal
